
Microsoft Visual Studio Solution File, Format Version 12.00
# Visual Studio Version 17
VisualStudioVersion = 17.2.32519.379
MinimumVisualStudioVersion = 10.0.40219.1
Project("{FAE04EC0-301F-11D3-BF4B-00C04F79EFBC}") = "Montiel.Patricia.Final.PVA", "Montiel.Patricia.Final.PVA\Montiel.Patricia.Final.PVA.csproj", "{01D649C9-0C4B-4448-982A-08D7E58E3A30}"
EndProject
Global
	GlobalSection(SolutionConfigurationPlatforms) = preSolution
		Debug|Any CPU = Debug|Any CPU
		Release|Any CPU = Release|Any CPU
	EndGlobalSection
	GlobalSection(ProjectConfigurationPlatforms) = postSolution
		{01D649C9-0C4B-4448-982A-08D7E58E3A30}.Debug|Any CPU.ActiveCfg = Debug|Any CPU
		{01D649C9-0C4B-4448-982A-08D7E58E3A30}.Debug|Any CPU.Build.0 = Debug|Any CPU
		{01D649C9-0C4B-4448-982A-08D7E58E3A30}.Release|Any CPU.ActiveCfg = Release|Any CPU
		{01D649C9-0C4B-4448-982A-08D7E58E3A30}.Release|Any CPU.Build.0 = Release|Any CPU
	EndGlobalSection
	GlobalSection(SolutionProperties) = preSolution
		HideSolutionNode = FALSE
	EndGlobalSection
	GlobalSection(ExtensibilityGlobals) = postSolution
		SolutionGuid = {2BD46E56-D6D8-4144-B0AA-DFD376A68A9B}
	EndGlobalSection
EndGlobal
